// !$*UTF8*$!
{
	archiveVersion = 1;
	classes = {
	};
	objectVersion = 46;
	objects = {

/* Begin PBXBuildFile section */
		C03C3F561BE68941009AEF2E /* m_pd.h in Headers */ = {isa = PBXBuildFile; fileRef = C03C3F551BE68941009AEF2E /* m_pd.h */; };
		C03C3F591BE689A9009AEF2E /* StereoSpread.cpp in Sources */ = {isa = PBXBuildFile; fileRef = C03C3F571BE689A9009AEF2E /* StereoSpread.cpp */; };
		C03C3F5A1BE689A9009AEF2E /* StereoSpread.h in Headers */ = {isa = PBXBuildFile; fileRef = C03C3F581BE689A9009AEF2E /* StereoSpread.h */; };
		C05180B31B288E550075088F /* stereospread~.cpp in Sources */ = {isa = PBXBuildFile; fileRef = C05180B21B288E550075088F /* stereospread~.cpp */; };
/* End PBXBuildFile section */

/* Begin PBXFileReference section */
		C030FE541A81213200766799 /* stereospread~.pd_darwin */ = {isa = PBXFileReference; explicitFileType = "compiled.mach-o.dylib"; includeInIndex = 0; path = "stereospread~.pd_darwin"; sourceTree = BUILT_PRODUCTS_DIR; };
		C03C3F551BE68941009AEF2E /* m_pd.h */ = {isa = PBXFileReference; fileEncoding = 4; lastKnownFileType = sourcecode.c.h; name = m_pd.h; path = ../m_pd.h; sourceTree = "<group>"; };
		C03C3F571BE689A9009AEF2E /* StereoSpread.cpp */ = {isa = PBXFileReference; fileEncoding = 4; lastKnownFileType = sourcecode.cpp.cpp; name = StereoSpread.cpp; path = ../../../StereoSpread.cpp; sourceTree = "<group>"; };
		C03C3F581BE689A9009AEF2E /* StereoSpread.h */ = {isa = PBXFileReference; fileEncoding = 4; lastKnownFileType = sourcecode.c.h; name = StereoSpread.h; path = ../../../StereoSpread.h; sourceTree = "<group>"; };
		C05180B21B288E550075088F /* stereospread~.cpp */ = {isa = PBXFileReference; fileEncoding = 4; lastKnownFileType = sourcecode.cpp.cpp; path = "stereospread~.cpp"; sourceTree = "<group>"; };
/* End PBXFileReference section */

/* Begin PBXFrameworksBuildPhase section */
		C030FE511A81213200766799 /* Frameworks */ = {
			isa = PBXFrameworksBuildPhase;
			buildActionMask = 2147483647;
			files = (
			);
			runOnlyForDeploymentPostprocessing = 0;
		};
/* End PBXFrameworksBuildPhase section */

/* Begin PBXGroup section */
		C0D041BA16149A950020F9DB = {
			isa = PBXGroup;
			children = (
				C03C3F551BE68941009AEF2E /* m_pd.h */,
				C05180B21B288E550075088F /* stereospread~.cpp */,
				C03C3F571BE689A9009AEF2E /* StereoSpread.cpp */,
				C03C3F581BE689A9009AEF2E /* StereoSpread.h */,
				C0D041C616149A950020F9DB /* Products */,
			);
			sourceTree = "<group>";
		};
		C0D041C616149A950020F9DB /* Products */ = {
			isa = PBXGroup;
			children = (
				C030FE541A81213200766799 /* stereospread~.pd_darwin */,
			);
			name = Products;
			sourceTree = "<group>";
		};
/* End PBXGroup section */

/* Begin PBXHeadersBuildPhase section */
		C030FE521A81213200766799 /* Headers */ = {
			isa = PBXHeadersBuildPhase;
			buildActionMask = 2147483647;
			files = (
				C03C3F561BE68941009AEF2E /* m_pd.h in Headers */,
				C03C3F5A1BE689A9009AEF2E /* StereoSpread.h in Headers */,
			);
			runOnlyForDeploymentPostprocessing = 0;
		};
/* End PBXHeadersBuildPhase section */

/* Begin PBXNativeTarget section */
		C030FE531A81213200766799 /* stereospread~ */ = {
			isa = PBXNativeTarget;
			buildConfigurationList = C030FE551A81213200766799 /* Build configuration list for PBXNativeTarget "stereospread~" */;
			buildPhases = (
				C030FE501A81213200766799 /* Sources */,
				C030FE511A81213200766799 /* Frameworks */,
				C030FE521A81213200766799 /* Headers */,
			);
			buildRules = (
			);
			dependencies = (
			);
			name = "stereospread~";
			productName = "aubiopitch~";
			productReference = C030FE541A81213200766799 /* stereospread~.pd_darwin */;
			productType = "com.apple.product-type.library.dynamic";
		};
/* End PBXNativeTarget section */

/* Begin PBXProject section */
		C0D041BC16149A950020F9DB /* Project object */ = {
			isa = PBXProject;
			attributes = {
				LastUpgradeCheck = 0450;
				ORGANIZATIONNAME = "Ragnar Hrafnkelsson";
				TargetAttributes = {
					C030FE531A81213200766799 = {
						CreatedOnToolsVersion = 6.1.1;
					};
				};
			};
			buildConfigurationList = C0D041BF16149A950020F9DB /* Build configuration list for PBXProject "stereospread~" */;
			compatibilityVersion = "Xcode 3.2";
			developmentRegion = English;
			hasScannedForEncodings = 0;
			knownRegions = (
				en,
			);
			mainGroup = C0D041BA16149A950020F9DB;
			productRefGroup = C0D041C616149A950020F9DB /* Products */;
			projectDirPath = "";
			projectRoot = "";
			targets = (
				C030FE531A81213200766799 /* stereospread~ */,
			);
		};
/* End PBXProject section */

/* Begin PBXSourcesBuildPhase section */
		C030FE501A81213200766799 /* Sources */ = {
			isa = PBXSourcesBuildPhase;
			buildActionMask = 2147483647;
			files = (
				C03C3F591BE689A9009AEF2E /* StereoSpread.cpp in Sources */,
				C05180B31B288E550075088F /* stereospread~.cpp in Sources */,
			);
			runOnlyForDeploymentPostprocessing = 0;
		};
/* End PBXSourcesBuildPhase section */

/* Begin XCBuildConfiguration section */
		C030FE561A81213200766799 /* Debug */ = {
			isa = XCBuildConfiguration;
			buildSettings = {
				CLANG_ENABLE_MODULES = YES;
				CLANG_ENABLE_OBJC_ARC = YES;
				CLANG_WARN_BOOL_CONVERSION = YES;
				CLANG_WARN_CONSTANT_CONVERSION = YES;
				CLANG_WARN_DIRECT_OBJC_ISA_USAGE = YES_ERROR;
				CLANG_WARN_ENUM_CONVERSION = YES;
				CLANG_WARN_INT_CONVERSION = YES;
				CLANG_WARN_OBJC_ROOT_CLASS = YES_ERROR;
				CLANG_WARN_UNREACHABLE_CODE = YES;
				DYLIB_COMPATIBILITY_VERSION = 1;
				DYLIB_CURRENT_VERSION = 1;
				ENABLE_STRICT_OBJC_MSGSEND = YES;
				EXECUTABLE_PREFIX = "";
				FRAMEWORK_SEARCH_PATHS = (
					"$(inherited)",
					"$(PROJECT_DIR)",
				);
				GCC_PREPROCESSOR_DEFINITIONS = (
					"DEBUG=1",
					"$(inherited)",
				);
				GCC_SYMBOLS_PRIVATE_EXTERN = YES;
				GCC_WARN_ABOUT_RETURN_TYPE = YES_ERROR;
				GCC_WARN_UNDECLARED_SELECTOR = YES;
				GCC_WARN_UNINITIALIZED_AUTOS = YES_AGGRESSIVE;
				GCC_WARN_UNUSED_FUNCTION = YES;
				LIBRARY_SEARCH_PATHS = "$(inherited)";
				MACOSX_DEPLOYMENT_TARGET = 10.10;
				MTL_ENABLE_DEBUG_INFO = YES;
				PRODUCT_NAME = "stereospread~";
			};
			name = Debug;
		};
		C030FE571A81213200766799 /* Release */ = {
			isa = XCBuildConfiguration;
			buildSettings = {
				CLANG_ENABLE_MODULES = YES;
				CLANG_ENABLE_OBJC_ARC = YES;
				CLANG_WARN_BOOL_CONVERSION = YES;
				CLANG_WARN_CONSTANT_CONVERSION = YES;
				CLANG_WARN_DIRECT_OBJC_ISA_USAGE = YES_ERROR;
				CLANG_WARN_ENUM_CONVERSION = YES;
				CLANG_WARN_INT_CONVERSION = YES;
				CLANG_WARN_OBJC_ROOT_CLASS = YES_ERROR;
				CLANG_WARN_UNREACHABLE_CODE = YES;
				DYLIB_COMPATIBILITY_VERSION = 1;
				DYLIB_CURRENT_VERSION = 1;
				ENABLE_NS_ASSERTIONS = NO;
				ENABLE_STRICT_OBJC_MSGSEND = YES;
				EXECUTABLE_PREFIX = "";
				FRAMEWORK_SEARCH_PATHS = (
					"$(inherited)",
					"$(PROJECT_DIR)",
				);
				GCC_SYMBOLS_PRIVATE_EXTERN = YES;
				GCC_WARN_ABOUT_RETURN_TYPE = YES_ERROR;
				GCC_WARN_UNDECLARED_SELECTOR = YES;
				GCC_WARN_UNINITIALIZED_AUTOS = YES_AGGRESSIVE;
				GCC_WARN_UNUSED_FUNCTION = YES;
				LIBRARY_SEARCH_PATHS = "$(inherited)";
				MACOSX_DEPLOYMENT_TARGET = 10.10;
				MTL_ENABLE_DEBUG_INFO = NO;
				PRODUCT_NAME = "stereospread~";
			};
			name = Release;
		};
		C0D041C716149A950020F9DB /* Debug */ = {
			isa = XCBuildConfiguration;
			buildSettings = {
				ALWAYS_SEARCH_USER_PATHS = NO;
				ARCHS = "$(ARCHS_STANDARD_32_64_BIT)";
				CLANG_CXX_LANGUAGE_STANDARD = "gnu++0x";
				CLANG_CXX_LIBRARY = "libc++";
				CLANG_WARN_EMPTY_BODY = YES;
				CLANG_WARN__DUPLICATE_METHOD_MATCH = YES;
				COPY_PHASE_STRIP = NO;
				EXECUTABLE_EXTENSION = pd_darwin;
				GCC_C_LANGUAGE_STANDARD = gnu99;
				GCC_DYNAMIC_NO_PIC = NO;
				GCC_ENABLE_OBJC_EXCEPTIONS = YES;
				GCC_OPTIMIZATION_LEVEL = 0;
				GCC_PREPROCESSOR_DEFINITIONS = (
					"DEBUG=1",
					"$(inherited)",
				);
				GCC_SYMBOLS_PRIVATE_EXTERN = NO;
				GCC_WARN_64_TO_32_BIT_CONVERSION = YES;
				GCC_WARN_ABOUT_RETURN_TYPE = YES;
				GCC_WARN_UNINITIALIZED_AUTOS = YES;
				GCC_WARN_UNUSED_VARIABLE = YES;
				MACOSX_DEPLOYMENT_TARGET = 10.8;
				ONLY_ACTIVE_ARCH = YES;
				OTHER_LDFLAGS = (
					"-undefined",
					dynamic_lookup,
				);
				PRODUCT_NAME = helloworld;
				SDKROOT = macosx;
			};
			name = Debug;
		};
		C0D041C816149A950020F9DB /* Release */ = {
			isa = XCBuildConfiguration;
			buildSettings = {
				ALWAYS_SEARCH_USER_PATHS = NO;
				ARCHS = "$(ARCHS_STANDARD_32_64_BIT)";
				CLANG_CXX_LANGUAGE_STANDARD = "gnu++0x";
				CLANG_CXX_LIBRARY = "libc++";
				CLANG_WARN_EMPTY_BODY = YES;
				CLANG_WARN__DUPLICATE_METHOD_MATCH = YES;
				COPY_PHASE_STRIP = YES;
				DEBUG_INFORMATION_FORMAT = "dwarf-with-dsym";
				EXECUTABLE_EXTENSION = pd_darwin;
				GCC_C_LANGUAGE_STANDARD = gnu99;
				GCC_ENABLE_OBJC_EXCEPTIONS = YES;
				GCC_WARN_64_TO_32_BIT_CONVERSION = YES;
				GCC_WARN_ABOUT_RETURN_TYPE = YES;
				GCC_WARN_UNINITIALIZED_AUTOS = YES;
				GCC_WARN_UNUSED_VARIABLE = YES;
				MACOSX_DEPLOYMENT_TARGET = 10.8;
				OTHER_LDFLAGS = (
					"-undefined",
					dynamic_lookup,
				);
				PRODUCT_NAME = helloworld;
				SDKROOT = macosx;
			};
			name = Release;
		};
/* End XCBuildConfiguration section */

/* Begin XCConfigurationList section */
		C030FE551A81213200766799 /* Build configuration list for PBXNativeTarget "stereospread~" */ = {
			isa = XCConfigurationList;
			buildConfigurations = (
				C030FE561A81213200766799 /* Debug */,
				C030FE571A81213200766799 /* Release */,
			);
			defaultConfigurationIsVisible = 0;
			defaultConfigurationName = Release;
		};
		C0D041BF16149A950020F9DB /* Build configuration list for PBXProject "stereospread~" */ = {
			isa = XCConfigurationList;
			buildConfigurations = (
				C0D041C716149A950020F9DB /* Debug */,
				C0D041C816149A950020F9DB /* Release */,
			);
			defaultConfigurationIsVisible = 0;
			defaultConfigurationName = Release;
		};
/* End XCConfigurationList section */
	};
	rootObject = C0D041BC16149A950020F9DB /* Project object */;
}
